
Microsoft Visual Studio Solution File, Format Version 12.00
# Visual Studio Version 16
VisualStudioVersion = 16.0.29102.190
MinimumVisualStudioVersion = 10.0.40219.1
Project("{FAE04EC0-301F-11D3-BF4B-00C04F79EFBC}") = "myElutraWeb1", "myElutraWeb1.csproj", "{5288E048-90B4-4272-97CC-1DAE81CC9FF4}"
EndProject
Global
	GlobalSection(SolutionConfigurationPlatforms) = preSolution
		Debug|Any CPU = Debug|Any CPU
		Release|Any CPU = Release|Any CPU
	EndGlobalSection
	GlobalSection(ProjectConfigurationPlatforms) = postSolution
		{5288E048-90B4-4272-97CC-1DAE81CC9FF4}.Debug|Any CPU.ActiveCfg = Debug|Any CPU
		{5288E048-90B4-4272-97CC-1DAE81CC9FF4}.Debug|Any CPU.Build.0 = Debug|Any CPU
		{5288E048-90B4-4272-97CC-1DAE81CC9FF4}.Release|Any CPU.ActiveCfg = Release|Any CPU
		{5288E048-90B4-4272-97CC-1DAE81CC9FF4}.Release|Any CPU.Build.0 = Release|Any CPU
	EndGlobalSection
	GlobalSection(SolutionProperties) = preSolution
		HideSolutionNode = FALSE
	EndGlobalSection
	GlobalSection(ExtensibilityGlobals) = postSolution
		SolutionGuid = {5B87A84C-E06E-4442-94D9-B36AA20C2A79}
	EndGlobalSection
EndGlobal
